
Microsoft Visual Studio Solution File, Format Version 11.00
# Visual Studio 2010
Project("{2857B73E-F847-4B02-9238-064979017E93}") = "VaultFS", "VaultFS\VaultFS.cproj", "{46DDC3BA-9691-4278-99D7-23F97F76C619}"
EndProject
Project("{2857B73E-F847-4B02-9238-064979017E93}") = "NomadFS", "NomadFS\NomadFS.cproj", "{6FB1D905-A0C2-499F-A125-B179635BB84D}"
EndProject
Project("{2857B73E-F847-4B02-9238-064979017E93}") = "ConsulFS", "ConsulFS\ConsulFS.cproj", "{03C969A9-C466-499F-BF08-1E837F9166F4}"
EndProject
Project("{2857B73E-F847-4B02-9238-064979017E93}") = "K8sFS", "K8sFS\K8sFS.cproj", "{6FB1D905-A0C2-499F-A125-B179635BB84F}"
EndProject
Project("{2857B73E-F847-4B02-9238-064979017E93}") = "TFEFS", "TFEFS\TFEFS.cproj", "{46DDC3BA-9691-4278-99D7-23F97F76C613}"
EndProject
Project("{2857B73E-F847-4B02-9238-064979017E93}") = "OpenAPIFS", "OpenAPIFS\OpenAPIFS.cproj", "{46DDC3BA-9691-4278-99D7-23F97F76C614}"
EndProject
Global
	GlobalSection(SolutionConfigurationPlatforms) = preSolution
		Debug|Any CPU = Debug|Any CPU
		Release|Any CPU = Release|Any CPU
	EndGlobalSection
	GlobalSection(ProjectConfigurationPlatforms) = postSolution
		{03C969A9-C466-499F-BF08-1E837F9166F4}.Debug|Any CPU.ActiveCfg = Debug|Any CPU
		{03C969A9-C466-499F-BF08-1E837F9166F4}.Debug|Any CPU.Build.0 = Debug|Any CPU
		{03C969A9-C466-499F-BF08-1E837F9166F4}.Release|Any CPU.ActiveCfg = Release|Any CPU
		{03C969A9-C466-499F-BF08-1E837F9166F4}.Release|Any CPU.Build.0 = Release|Any CPU
		{46DDC3BA-9691-4278-99D7-23F97F76C613}.Debug|Any CPU.ActiveCfg = Debug|Any CPU
		{46DDC3BA-9691-4278-99D7-23F97F76C613}.Debug|Any CPU.Build.0 = Debug|Any CPU
		{46DDC3BA-9691-4278-99D7-23F97F76C613}.Release|Any CPU.ActiveCfg = Release|Any CPU
		{46DDC3BA-9691-4278-99D7-23F97F76C613}.Release|Any CPU.Build.0 = Release|Any CPU
		{46DDC3BA-9691-4278-99D7-23F97F76C614}.Debug|Any CPU.ActiveCfg = Debug|Any CPU
		{46DDC3BA-9691-4278-99D7-23F97F76C614}.Debug|Any CPU.Build.0 = Debug|Any CPU
		{46DDC3BA-9691-4278-99D7-23F97F76C614}.Release|Any CPU.ActiveCfg = Release|Any CPU
		{46DDC3BA-9691-4278-99D7-23F97F76C614}.Release|Any CPU.Build.0 = Release|Any CPU
		{46DDC3BA-9691-4278-99D7-23F97F76C619}.Debug|Any CPU.ActiveCfg = Debug|Any CPU
		{46DDC3BA-9691-4278-99D7-23F97F76C619}.Debug|Any CPU.Build.0 = Debug|Any CPU
		{46DDC3BA-9691-4278-99D7-23F97F76C619}.Release|Any CPU.ActiveCfg = Release|Any CPU
		{46DDC3BA-9691-4278-99D7-23F97F76C619}.Release|Any CPU.Build.0 = Release|Any CPU
		{6FB1D905-A0C2-499F-A125-B179635BB84D}.Debug|Any CPU.ActiveCfg = Debug|Any CPU
		{6FB1D905-A0C2-499F-A125-B179635BB84D}.Debug|Any CPU.Build.0 = Debug|Any CPU
		{6FB1D905-A0C2-499F-A125-B179635BB84D}.Release|Any CPU.ActiveCfg = Release|Any CPU
		{6FB1D905-A0C2-499F-A125-B179635BB84D}.Release|Any CPU.Build.0 = Release|Any CPU
		{6FB1D905-A0C2-499F-A125-B179635BB84F}.Debug|Any CPU.ActiveCfg = Debug|Any CPU
		{6FB1D905-A0C2-499F-A125-B179635BB84F}.Debug|Any CPU.Build.0 = Debug|Any CPU
		{6FB1D905-A0C2-499F-A125-B179635BB84F}.Release|Any CPU.ActiveCfg = Release|Any CPU
		{6FB1D905-A0C2-499F-A125-B179635BB84F}.Release|Any CPU.Build.0 = Release|Any CPU
	EndGlobalSection
	GlobalSection(MonoDevelopProperties) = preSolution
		Policies = $0
		$0.TextStylePolicy = $1
		$1.inheritsSet = null
		$1.scope = text/x-c++src
		$0.VersionControlPolicy = $2
		$2.inheritsSet = Mono
		description = Set of FUSE clients for Hashicorp stack.
		version = 0.2
	EndGlobalSection
EndGlobal
